
Microsoft Visual Studio Solution File, Format Version 12.00
# Visual Studio 15
VisualStudioVersion = 15.0.26228.4
MinimumVisualStudioVersion = 10.0.40219.1
Project("{FAE04EC0-301F-11D3-BF4B-00C04F79EFBC}") = "BatMap", "BatMap\BatMap.csproj", "{C2754A23-CB2B-49E1-9D9C-3B91D7267B1B}"
EndProject
Project("{FAE04EC0-301F-11D3-BF4B-00C04F79EFBC}") = "BatMap.Tests", "BatMap.Tests\BatMap.Tests.csproj", "{0BA3B7DC-A8E5-4C1C-8D7F-5139D378BD22}"
EndProject
Project("{FAE04EC0-301F-11D3-BF4B-00C04F79EFBC}") = "BatMap.Benchmark", "BatMap.Benchmark\BatMap.Benchmark.csproj", "{9DE35D63-1BF5-4FEE-8E48-63838FF5E3EE}"
EndProject
Global
	GlobalSection(SolutionConfigurationPlatforms) = preSolution
		Debug|Any CPU = Debug|Any CPU
		Release|Any CPU = Release|Any CPU
	EndGlobalSection
	GlobalSection(ProjectConfigurationPlatforms) = postSolution
		{C2754A23-CB2B-49E1-9D9C-3B91D7267B1B}.Debug|Any CPU.ActiveCfg = Debug|Any CPU
		{C2754A23-CB2B-49E1-9D9C-3B91D7267B1B}.Debug|Any CPU.Build.0 = Debug|Any CPU
		{C2754A23-CB2B-49E1-9D9C-3B91D7267B1B}.Release|Any CPU.ActiveCfg = Release|Any CPU
		{C2754A23-CB2B-49E1-9D9C-3B91D7267B1B}.Release|Any CPU.Build.0 = Release|Any CPU
		{0BA3B7DC-A8E5-4C1C-8D7F-5139D378BD22}.Debug|Any CPU.ActiveCfg = Debug|Any CPU
		{0BA3B7DC-A8E5-4C1C-8D7F-5139D378BD22}.Debug|Any CPU.Build.0 = Debug|Any CPU
		{0BA3B7DC-A8E5-4C1C-8D7F-5139D378BD22}.Release|Any CPU.ActiveCfg = Release|Any CPU
		{0BA3B7DC-A8E5-4C1C-8D7F-5139D378BD22}.Release|Any CPU.Build.0 = Release|Any CPU
		{9DE35D63-1BF5-4FEE-8E48-63838FF5E3EE}.Debug|Any CPU.ActiveCfg = Debug|Any CPU
		{9DE35D63-1BF5-4FEE-8E48-63838FF5E3EE}.Debug|Any CPU.Build.0 = Debug|Any CPU
		{9DE35D63-1BF5-4FEE-8E48-63838FF5E3EE}.Release|Any CPU.ActiveCfg = Release|Any CPU
		{9DE35D63-1BF5-4FEE-8E48-63838FF5E3EE}.Release|Any CPU.Build.0 = Release|Any CPU
	EndGlobalSection
	GlobalSection(SolutionProperties) = preSolution
		HideSolutionNode = FALSE
	EndGlobalSection
EndGlobal
