
Microsoft Visual Studio Solution File, Format Version 12.00
# Visual Studio 15
VisualStudioVersion = 15.0.26730.12
MinimumVisualStudioVersion = 10.0.40219.1
Project("{9A19103F-16F7-4668-BE54-9A1E7A4F7556}") = "BatMap", "BatMap\BatMap.csproj", "{94CC2D6B-FD3C-4FF6-B6D0-078C42697364}"
EndProject
Project("{9A19103F-16F7-4668-BE54-9A1E7A4F7556}") = "BatMap.Benchmark", "BatMap.Benchmark\BatMap.Benchmark.csproj", "{9DE35D63-1BF5-4FEE-8E48-63838FF5E3EE}"
EndProject
Project("{9A19103F-16F7-4668-BE54-9A1E7A4F7556}") = "BatMap.Tests", "BatMap.Tests\BatMap.Tests.csproj", "{CB3677DB-27AA-498C-83FA-EF6DAF889165}"
EndProject
Global
	GlobalSection(SolutionConfigurationPlatforms) = preSolution
		Debug|Any CPU = Debug|Any CPU
		Release|Any CPU = Release|Any CPU
	EndGlobalSection
	GlobalSection(ProjectConfigurationPlatforms) = postSolution
		{94CC2D6B-FD3C-4FF6-B6D0-078C42697364}.Debug|Any CPU.ActiveCfg = Debug|Any CPU
		{94CC2D6B-FD3C-4FF6-B6D0-078C42697364}.Debug|Any CPU.Build.0 = Debug|Any CPU
		{94CC2D6B-FD3C-4FF6-B6D0-078C42697364}.Release|Any CPU.ActiveCfg = Release|Any CPU
		{94CC2D6B-FD3C-4FF6-B6D0-078C42697364}.Release|Any CPU.Build.0 = Release|Any CPU
		{9DE35D63-1BF5-4FEE-8E48-63838FF5E3EE}.Debug|Any CPU.ActiveCfg = Debug|Any CPU
		{9DE35D63-1BF5-4FEE-8E48-63838FF5E3EE}.Debug|Any CPU.Build.0 = Debug|Any CPU
		{9DE35D63-1BF5-4FEE-8E48-63838FF5E3EE}.Release|Any CPU.ActiveCfg = Release|Any CPU
		{9DE35D63-1BF5-4FEE-8E48-63838FF5E3EE}.Release|Any CPU.Build.0 = Release|Any CPU
		{CB3677DB-27AA-498C-83FA-EF6DAF889165}.Debug|Any CPU.ActiveCfg = Debug|Any CPU
		{CB3677DB-27AA-498C-83FA-EF6DAF889165}.Debug|Any CPU.Build.0 = Debug|Any CPU
		{CB3677DB-27AA-498C-83FA-EF6DAF889165}.Release|Any CPU.ActiveCfg = Release|Any CPU
		{CB3677DB-27AA-498C-83FA-EF6DAF889165}.Release|Any CPU.Build.0 = Release|Any CPU
	EndGlobalSection
	GlobalSection(SolutionProperties) = preSolution
		HideSolutionNode = FALSE
	EndGlobalSection
	GlobalSection(ExtensibilityGlobals) = postSolution
		SolutionGuid = {D6DACFED-42A1-434A-BF85-A4D5EB8873E0}
	EndGlobalSection
EndGlobal
